{
    "version": 3,
    "terraform_version": "0.11.1",
    "serial": 2,
    "lineage": "644e2f3e-534a-4edf-a8a9-cfff48951639",
    "modules": [
        {
            "path": [
                "root"
            ],
            "outputs": {},
            "resources": {
                "aws_instance.web": {
                    "type": "aws_instance",
                    "depends_on": [
                        "aws_key_pair.auth",
                        "aws_security_group.default"
                    ],
                    "primary": {
                        "id": "i-0971eb84786d03f8b",
                        "attributes": {
                            "ami": "ami-55ef662f",
                            "associate_public_ip_address": "true",
                            "availability_zone": "us-east-1d",
                            "disable_api_termination": "false",
                            "ebs_block_device.#": "0",
                            "ebs_optimized": "false",
                            "ephemeral_block_device.#": "0",
                            "iam_instance_profile": "",
                            "id": "i-0971eb84786d03f8b",
                            "instance_state": "running",
                            "instance_type": "t2.micro",
                            "ipv6_addresses.#": "0",
                            "key_name": "terraform",
                            "monitoring": "false",
                            "network_interface.#": "0",
                            "network_interface_id": "eni-b6c5174e",
                            "placement_group": "",
                            "primary_network_interface_id": "eni-b6c5174e",
                            "private_dns": "ip-172-31-18-206.ec2.internal",
                            "private_ip": "172.31.18.206",
                            "public_dns": "ec2-54-175-38-114.compute-1.amazonaws.com",
                            "public_ip": "54.175.38.114",
                            "root_block_device.#": "1",
                            "root_block_device.0.delete_on_termination": "true",
                            "root_block_device.0.iops": "100",
                            "root_block_device.0.volume_size": "8",
                            "root_block_device.0.volume_type": "gp2",
                            "security_groups.#": "1",
                            "security_groups.4090037911": "HTTP_SSH",
                            "source_dest_check": "true",
                            "subnet_id": "subnet-52d99619",
                            "tags.%": "0",
                            "tenancy": "default",
                            "volume_tags.%": "0",
                            "vpc_security_group_ids.#": "0"
                        },
                        "meta": {
                            "e2bfb730-ecaa-11e6-8f88-34363bc7c4c0": {
                                "create": 600000000000,
                                "delete": 600000000000,
                                "update": 600000000000
                            },
                            "schema_version": "1"
                        },
                        "tainted": false
                    },
                    "deposed": [],
                    "provider": "provider.aws"
                },
                "aws_key_pair.auth": {
                    "type": "aws_key_pair",
                    "depends_on": [],
                    "primary": {
                        "id": "terraform",
                        "attributes": {
                            "id": "terraform",
                            "key_name": "terraform",
                            "public_key": "---- BEGIN SSH2 PUBLIC KEY ----\nComment: \"imported-openssh-key\"\nAAAAB3NzaC1yc2EAAAADAQABAAABAQCGEwlhGETbPByX2mWDdvygg8ZGFi8Nv8G1\ncSWKmJVJJjnujkJ7sgAxIgxIfiH35sh/pXgP0zWsqYs/nY7cYcnU1n2tZd/k5bTu\nAib+bnu1iTaAP8Tr3pszgqQ0XuRtsdZ3TXJGOTL5nk3NlZEXik7lqNJSbNfCpO4u\nTl3aYgaZKl8zNNPWescMjR66FMtPFpRjhD6uPpr5xwyrkFU3lhZCWdUzqrdqqWBh\nIh2s2oLrRJNL3PBJiR9hvy4climxp1W75F9E9P6EWAhBi7OL9GybdgO+T9aGm/rW\nphUXmwhvYOuZyi/TPX0dOhcOayVZYZy+d4utigJoRgmfMOFm3G5R\n---- END SSH2 PUBLIC KEY ----"
                        },
                        "meta": {
                            "schema_version": "1"
                        },
                        "tainted": false
                    },
                    "deposed": [],
                    "provider": "provider.aws"
                },
                "aws_security_group.default": {
                    "type": "aws_security_group",
                    "depends_on": [],
                    "primary": {
                        "id": "sg-d7748ca3",
                        "attributes": {
                            "description": "HTTP_SSH",
                            "egress.#": "1",
                            "egress.482069346.cidr_blocks.#": "1",
                            "egress.482069346.cidr_blocks.0": "0.0.0.0/0",
                            "egress.482069346.description": "",
                            "egress.482069346.from_port": "0",
                            "egress.482069346.ipv6_cidr_blocks.#": "0",
                            "egress.482069346.prefix_list_ids.#": "0",
                            "egress.482069346.protocol": "-1",
                            "egress.482069346.security_groups.#": "0",
                            "egress.482069346.self": "false",
                            "egress.482069346.to_port": "0",
                            "id": "sg-d7748ca3",
                            "ingress.#": "2",
                            "ingress.2214680975.cidr_blocks.#": "1",
                            "ingress.2214680975.cidr_blocks.0": "0.0.0.0/0",
                            "ingress.2214680975.description": "",
                            "ingress.2214680975.from_port": "80",
                            "ingress.2214680975.ipv6_cidr_blocks.#": "0",
                            "ingress.2214680975.protocol": "tcp",
                            "ingress.2214680975.security_groups.#": "0",
                            "ingress.2214680975.self": "false",
                            "ingress.2214680975.to_port": "80",
                            "ingress.2541437006.cidr_blocks.#": "1",
                            "ingress.2541437006.cidr_blocks.0": "0.0.0.0/0",
                            "ingress.2541437006.description": "",
                            "ingress.2541437006.from_port": "22",
                            "ingress.2541437006.ipv6_cidr_blocks.#": "0",
                            "ingress.2541437006.protocol": "tcp",
                            "ingress.2541437006.security_groups.#": "0",
                            "ingress.2541437006.self": "false",
                            "ingress.2541437006.to_port": "22",
                            "name": "HTTP_SSH",
                            "owner_id": "842459449013",
                            "revoke_rules_on_delete": "false",
                            "tags.%": "0",
                            "vpc_id": "vpc-9d025ae5"
                        },
                        "meta": {
                            "schema_version": "1"
                        },
                        "tainted": false
                    },
                    "deposed": [],
                    "provider": "provider.aws"
                }
            },
            "depends_on": []
        }
    ]
}
